
Microsoft Visual Studio Solution File, Format Version 12.00
Project("{FAE04EC0-301F-11D3-BF4B-00C04F79EFBC}") = "Web", "dotnet-src\Web\Web.csproj", "{D0B6D8EB-21F0-400A-91E5-2C4722B9D170}"
EndProject
Global
	GlobalSection(SolutionConfigurationPlatforms) = preSolution
		Debug|Any CPU = Debug|Any CPU
		Release|Any CPU = Release|Any CPU
	EndGlobalSection
	GlobalSection(ProjectConfigurationPlatforms) = postSolution
		{D0B6D8EB-21F0-400A-91E5-2C4722B9D170}.Debug|Any CPU.ActiveCfg = Debug|Any CPU
		{D0B6D8EB-21F0-400A-91E5-2C4722B9D170}.Debug|Any CPU.Build.0 = Debug|Any CPU
		{D0B6D8EB-21F0-400A-91E5-2C4722B9D170}.Release|Any CPU.ActiveCfg = Release|Any CPU
		{D0B6D8EB-21F0-400A-91E5-2C4722B9D170}.Release|Any CPU.Build.0 = Release|Any CPU
	EndGlobalSection
EndGlobal
